
Microsoft Visual Studio Solution File, Format Version 12.00
# Visual Studio Version 17
VisualStudioVersion = 17.11.35219.272
MinimumVisualStudioVersion = 10.0.40219.1
Project("{9A19103F-16F7-4668-BE54-9A1E7A4F7556}") = "SpeedVechile.WepApp", "SpeedVechile.WepApp\SpeedVechile.WepApp.csproj", "{61734C85-F0F5-41A6-A38C-873B11E8856A}"
EndProject
Project("{FAE04EC0-301F-11D3-BF4B-00C04F79EFBC}") = "SpeedVechile.Application", "SpeedVechile.Application\SpeedVechile.Application.csproj", "{6FC4460F-0920-4537-A44F-E2A9A571B92F}"
EndProject
Project("{FAE04EC0-301F-11D3-BF4B-00C04F79EFBC}") = "SpeedVechile.Domain", "SpeedVechile.Domain\SpeedVechile.Domain.csproj", "{BD163BED-D48E-4A9D-8EBA-FD314AF72049}"
EndProject
Project("{FAE04EC0-301F-11D3-BF4B-00C04F79EFBC}") = "SpeedVechile.Infrastructure", "SpeedVechile.Infrastructure\SpeedVechile.Infrastructure.csproj", "{5AABA3D7-CED8-40BC-84E9-B32EDBCE91D4}"
EndProject
Global
	GlobalSection(SolutionConfigurationPlatforms) = preSolution
		Debug|Any CPU = Debug|Any CPU
		Release|Any CPU = Release|Any CPU
	EndGlobalSection
	GlobalSection(ProjectConfigurationPlatforms) = postSolution
		{61734C85-F0F5-41A6-A38C-873B11E8856A}.Debug|Any CPU.ActiveCfg = Debug|Any CPU
		{61734C85-F0F5-41A6-A38C-873B11E8856A}.Debug|Any CPU.Build.0 = Debug|Any CPU
		{61734C85-F0F5-41A6-A38C-873B11E8856A}.Release|Any CPU.ActiveCfg = Release|Any CPU
		{61734C85-F0F5-41A6-A38C-873B11E8856A}.Release|Any CPU.Build.0 = Release|Any CPU
		{6FC4460F-0920-4537-A44F-E2A9A571B92F}.Debug|Any CPU.ActiveCfg = Debug|Any CPU
		{6FC4460F-0920-4537-A44F-E2A9A571B92F}.Debug|Any CPU.Build.0 = Debug|Any CPU
		{6FC4460F-0920-4537-A44F-E2A9A571B92F}.Release|Any CPU.ActiveCfg = Release|Any CPU
		{6FC4460F-0920-4537-A44F-E2A9A571B92F}.Release|Any CPU.Build.0 = Release|Any CPU
		{BD163BED-D48E-4A9D-8EBA-FD314AF72049}.Debug|Any CPU.ActiveCfg = Debug|Any CPU
		{BD163BED-D48E-4A9D-8EBA-FD314AF72049}.Debug|Any CPU.Build.0 = Debug|Any CPU
		{BD163BED-D48E-4A9D-8EBA-FD314AF72049}.Release|Any CPU.ActiveCfg = Release|Any CPU
		{BD163BED-D48E-4A9D-8EBA-FD314AF72049}.Release|Any CPU.Build.0 = Release|Any CPU
		{5AABA3D7-CED8-40BC-84E9-B32EDBCE91D4}.Debug|Any CPU.ActiveCfg = Debug|Any CPU
		{5AABA3D7-CED8-40BC-84E9-B32EDBCE91D4}.Debug|Any CPU.Build.0 = Debug|Any CPU
		{5AABA3D7-CED8-40BC-84E9-B32EDBCE91D4}.Release|Any CPU.ActiveCfg = Release|Any CPU
		{5AABA3D7-CED8-40BC-84E9-B32EDBCE91D4}.Release|Any CPU.Build.0 = Release|Any CPU
	EndGlobalSection
	GlobalSection(SolutionProperties) = preSolution
		HideSolutionNode = FALSE
	EndGlobalSection
	GlobalSection(ExtensibilityGlobals) = postSolution
		SolutionGuid = {CCBE42F7-85E9-4AE9-95F9-AA7FB4B9B4E2}
	EndGlobalSection
EndGlobal
